
Microsoft Visual Studio Solution File, Format Version 12.00
# Visual Studio Version 16
VisualStudioVersion = 16.0.29403.142
MinimumVisualStudioVersion = 10.0.40219.1
Project("{FAE04EC0-301F-11D3-BF4B-00C04F79EFBC}") = "prueba1", "prueba1\prueba1.csproj", "{103B51C7-6325-4064-AA0C-C1B87E5245F7}"
EndProject
Project("{FAE04EC0-301F-11D3-BF4B-00C04F79EFBC}") = "MyCalculator", "MyCalculator\MyCalculator.csproj", "{20039832-05F6-4FB1-8704-A06F7B3E8382}"
EndProject
Global
	GlobalSection(SolutionConfigurationPlatforms) = preSolution
		Debug|Any CPU = Debug|Any CPU
		Release|Any CPU = Release|Any CPU
	EndGlobalSection
	GlobalSection(ProjectConfigurationPlatforms) = postSolution
		{103B51C7-6325-4064-AA0C-C1B87E5245F7}.Debug|Any CPU.ActiveCfg = Debug|Any CPU
		{103B51C7-6325-4064-AA0C-C1B87E5245F7}.Debug|Any CPU.Build.0 = Debug|Any CPU
		{103B51C7-6325-4064-AA0C-C1B87E5245F7}.Release|Any CPU.ActiveCfg = Release|Any CPU
		{103B51C7-6325-4064-AA0C-C1B87E5245F7}.Release|Any CPU.Build.0 = Release|Any CPU
		{20039832-05F6-4FB1-8704-A06F7B3E8382}.Debug|Any CPU.ActiveCfg = Debug|Any CPU
		{20039832-05F6-4FB1-8704-A06F7B3E8382}.Debug|Any CPU.Build.0 = Debug|Any CPU
		{20039832-05F6-4FB1-8704-A06F7B3E8382}.Release|Any CPU.ActiveCfg = Release|Any CPU
		{20039832-05F6-4FB1-8704-A06F7B3E8382}.Release|Any CPU.Build.0 = Release|Any CPU
	EndGlobalSection
	GlobalSection(SolutionProperties) = preSolution
		HideSolutionNode = FALSE
	EndGlobalSection
	GlobalSection(ExtensibilityGlobals) = postSolution
		SolutionGuid = {6B69B5C8-EAC3-4FCE-A6CD-9C076C396836}
	EndGlobalSection
EndGlobal
